
Microsoft Visual Studio Solution File, Format Version 12.00
# Visual Studio 14
VisualStudioVersion = 14.0.25420.1
MinimumVisualStudioVersion = 10.0.40219.1
Project("{FAE04EC0-301F-11D3-BF4B-00C04F79EFBC}") = "Devices.Util", "..\UWP.Devices\Devices.Util\Devices.Util.csproj", "{E0B70271-C5F3-4BEB-B30E-45536A296387}"
EndProject
Project("{FAE04EC0-301F-11D3-BF4B-00C04F79EFBC}") = "Devices.Connectors", "..\UWP.Devices\Devices.Connectors\Devices.Connectors.csproj", "{1770BD3F-C09B-42E6-AC21-1DB9B6CA37C6}"
EndProject
Project("{FAE04EC0-301F-11D3-BF4B-00C04F79EFBC}") = "Devices.Components.Common", "..\UWP.Devices\Devices.Components.Common\Devices.Components.Common.csproj", "{CDA842EA-1BCB-43B1-8066-DBECE7FB6DEB}"
EndProject
Project("{FAE04EC0-301F-11D3-BF4B-00C04F79EFBC}") = "Devices.Communication", "..\UWP.Devices\Devices.Communication\Devices.Communication.csproj", "{4D8ACBE7-0837-4DAD-A6BA-37DE7BCEA517}"
EndProject
Project("{FAE04EC0-301F-11D3-BF4B-00C04F79EFBC}") = "Devices.Hardware", "..\UWP.Devices\Devices.Hardware\Devices.Hardware.csproj", "{9E055181-2CC7-4D82-8081-65EB99B6EEE9}"
EndProject
Project("{FAE04EC0-301F-11D3-BF4B-00C04F79EFBC}") = "RPI.WIoT10.FEZUtility", "RPI.WIoT10.FEZUtility\RPI.WIoT10.FEZUtility.csproj", "{8A4EE553-EDA0-4527-B2F9-8E31F3EC100E}"
EndProject
Project("{FAE04EC0-301F-11D3-BF4B-00C04F79EFBC}") = "RPI.WIoT10.MeArm.App", "RPI.WIoT10.MeArm.App\RPI.WIoT10.MeArm.App.csproj", "{4B9350F6-14AC-4959-A27C-A07157077087}"
EndProject
Project("{FAE04EC0-301F-11D3-BF4B-00C04F79EFBC}") = "RPI.WIoT10.MeArm.Components", "RPI.WIoT10.MeArm.Components\RPI.WIoT10.MeArm.Components.csproj", "{93AACFA3-2E93-4357-8F28-6861C46DD81F}"
EndProject
Project("{FAE04EC0-301F-11D3-BF4B-00C04F79EFBC}") = "RPI.WIoT10.MeArm.Control", "RPI.WIoT10.MeArm.Control\RPI.WIoT10.MeArm.Control.csproj", "{017389CF-0CFD-412C-8C12-7D5A01909A52}"
EndProject
Project("{FAE04EC0-301F-11D3-BF4B-00C04F79EFBC}") = "Devices.Components.Base", "..\UWP.Devices\Devices.Components.Base\Devices.Components.Base.csproj", "{39ABE250-6554-4086-98D9-0D36903DE939}"
EndProject
Project("{FAE04EC0-301F-11D3-BF4B-00C04F79EFBC}") = "Devices.Controllers.Base", "..\UWP.Devices\Devices.Controllers.Base\Devices.Controllers.Base.csproj", "{06AF08BD-FF54-4F13-BF8E-218044469632}"
EndProject
Project("{FAE04EC0-301F-11D3-BF4B-00C04F79EFBC}") = "Devices.Controllers.Common", "..\UWP.Devices\Devices.Controllers.Common\Devices.Controllers.Common.csproj", "{ED9CE817-28E6-4BD9-BB99-FE712A319779}"
EndProject
Global
	GlobalSection(SolutionConfigurationPlatforms) = preSolution
		Debug|Any CPU = Debug|Any CPU
		Debug|ARM = Debug|ARM
		Debug|x64 = Debug|x64
		Debug|x86 = Debug|x86
		Release|Any CPU = Release|Any CPU
		Release|ARM = Release|ARM
		Release|x64 = Release|x64
		Release|x86 = Release|x86
	EndGlobalSection
	GlobalSection(ProjectConfigurationPlatforms) = postSolution
		{E0B70271-C5F3-4BEB-B30E-45536A296387}.Debug|Any CPU.ActiveCfg = Debug|Any CPU
		{E0B70271-C5F3-4BEB-B30E-45536A296387}.Debug|Any CPU.Build.0 = Debug|Any CPU
		{E0B70271-C5F3-4BEB-B30E-45536A296387}.Debug|ARM.ActiveCfg = Debug|ARM
		{E0B70271-C5F3-4BEB-B30E-45536A296387}.Debug|ARM.Build.0 = Debug|ARM
		{E0B70271-C5F3-4BEB-B30E-45536A296387}.Debug|x64.ActiveCfg = Debug|x64
		{E0B70271-C5F3-4BEB-B30E-45536A296387}.Debug|x64.Build.0 = Debug|x64
		{E0B70271-C5F3-4BEB-B30E-45536A296387}.Debug|x86.ActiveCfg = Debug|x86
		{E0B70271-C5F3-4BEB-B30E-45536A296387}.Debug|x86.Build.0 = Debug|x86
		{E0B70271-C5F3-4BEB-B30E-45536A296387}.Release|Any CPU.ActiveCfg = Release|Any CPU
		{E0B70271-C5F3-4BEB-B30E-45536A296387}.Release|Any CPU.Build.0 = Release|Any CPU
		{E0B70271-C5F3-4BEB-B30E-45536A296387}.Release|ARM.ActiveCfg = Release|ARM
		{E0B70271-C5F3-4BEB-B30E-45536A296387}.Release|ARM.Build.0 = Release|ARM
		{E0B70271-C5F3-4BEB-B30E-45536A296387}.Release|x64.ActiveCfg = Release|x64
		{E0B70271-C5F3-4BEB-B30E-45536A296387}.Release|x64.Build.0 = Release|x64
		{E0B70271-C5F3-4BEB-B30E-45536A296387}.Release|x86.ActiveCfg = Release|x86
		{E0B70271-C5F3-4BEB-B30E-45536A296387}.Release|x86.Build.0 = Release|x86
		{1770BD3F-C09B-42E6-AC21-1DB9B6CA37C6}.Debug|Any CPU.ActiveCfg = Debug|Any CPU
		{1770BD3F-C09B-42E6-AC21-1DB9B6CA37C6}.Debug|Any CPU.Build.0 = Debug|Any CPU
		{1770BD3F-C09B-42E6-AC21-1DB9B6CA37C6}.Debug|ARM.ActiveCfg = Debug|ARM
		{1770BD3F-C09B-42E6-AC21-1DB9B6CA37C6}.Debug|ARM.Build.0 = Debug|ARM
		{1770BD3F-C09B-42E6-AC21-1DB9B6CA37C6}.Debug|x64.ActiveCfg = Debug|x64
		{1770BD3F-C09B-42E6-AC21-1DB9B6CA37C6}.Debug|x64.Build.0 = Debug|x64
		{1770BD3F-C09B-42E6-AC21-1DB9B6CA37C6}.Debug|x86.ActiveCfg = Debug|x86
		{1770BD3F-C09B-42E6-AC21-1DB9B6CA37C6}.Debug|x86.Build.0 = Debug|x86
		{1770BD3F-C09B-42E6-AC21-1DB9B6CA37C6}.Release|Any CPU.ActiveCfg = Release|Any CPU
		{1770BD3F-C09B-42E6-AC21-1DB9B6CA37C6}.Release|Any CPU.Build.0 = Release|Any CPU
		{1770BD3F-C09B-42E6-AC21-1DB9B6CA37C6}.Release|ARM.ActiveCfg = Release|ARM
		{1770BD3F-C09B-42E6-AC21-1DB9B6CA37C6}.Release|ARM.Build.0 = Release|ARM
		{1770BD3F-C09B-42E6-AC21-1DB9B6CA37C6}.Release|x64.ActiveCfg = Release|x64
		{1770BD3F-C09B-42E6-AC21-1DB9B6CA37C6}.Release|x64.Build.0 = Release|x64
		{1770BD3F-C09B-42E6-AC21-1DB9B6CA37C6}.Release|x86.ActiveCfg = Release|x86
		{1770BD3F-C09B-42E6-AC21-1DB9B6CA37C6}.Release|x86.Build.0 = Release|x86
		{CDA842EA-1BCB-43B1-8066-DBECE7FB6DEB}.Debug|Any CPU.ActiveCfg = Debug|Any CPU
		{CDA842EA-1BCB-43B1-8066-DBECE7FB6DEB}.Debug|Any CPU.Build.0 = Debug|Any CPU
		{CDA842EA-1BCB-43B1-8066-DBECE7FB6DEB}.Debug|ARM.ActiveCfg = Debug|ARM
		{CDA842EA-1BCB-43B1-8066-DBECE7FB6DEB}.Debug|ARM.Build.0 = Debug|ARM
		{CDA842EA-1BCB-43B1-8066-DBECE7FB6DEB}.Debug|x64.ActiveCfg = Debug|x64
		{CDA842EA-1BCB-43B1-8066-DBECE7FB6DEB}.Debug|x64.Build.0 = Debug|x64
		{CDA842EA-1BCB-43B1-8066-DBECE7FB6DEB}.Debug|x86.ActiveCfg = Debug|x86
		{CDA842EA-1BCB-43B1-8066-DBECE7FB6DEB}.Debug|x86.Build.0 = Debug|x86
		{CDA842EA-1BCB-43B1-8066-DBECE7FB6DEB}.Release|Any CPU.ActiveCfg = Release|Any CPU
		{CDA842EA-1BCB-43B1-8066-DBECE7FB6DEB}.Release|Any CPU.Build.0 = Release|Any CPU
		{CDA842EA-1BCB-43B1-8066-DBECE7FB6DEB}.Release|ARM.ActiveCfg = Release|ARM
		{CDA842EA-1BCB-43B1-8066-DBECE7FB6DEB}.Release|ARM.Build.0 = Release|ARM
		{CDA842EA-1BCB-43B1-8066-DBECE7FB6DEB}.Release|x64.ActiveCfg = Release|x64
		{CDA842EA-1BCB-43B1-8066-DBECE7FB6DEB}.Release|x64.Build.0 = Release|x64
		{CDA842EA-1BCB-43B1-8066-DBECE7FB6DEB}.Release|x86.ActiveCfg = Release|x86
		{CDA842EA-1BCB-43B1-8066-DBECE7FB6DEB}.Release|x86.Build.0 = Release|x86
		{4D8ACBE7-0837-4DAD-A6BA-37DE7BCEA517}.Debug|Any CPU.ActiveCfg = Debug|Any CPU
		{4D8ACBE7-0837-4DAD-A6BA-37DE7BCEA517}.Debug|Any CPU.Build.0 = Debug|Any CPU
		{4D8ACBE7-0837-4DAD-A6BA-37DE7BCEA517}.Debug|ARM.ActiveCfg = Debug|ARM
		{4D8ACBE7-0837-4DAD-A6BA-37DE7BCEA517}.Debug|ARM.Build.0 = Debug|ARM
		{4D8ACBE7-0837-4DAD-A6BA-37DE7BCEA517}.Debug|x64.ActiveCfg = Debug|x64
		{4D8ACBE7-0837-4DAD-A6BA-37DE7BCEA517}.Debug|x64.Build.0 = Debug|x64
		{4D8ACBE7-0837-4DAD-A6BA-37DE7BCEA517}.Debug|x86.ActiveCfg = Debug|x86
		{4D8ACBE7-0837-4DAD-A6BA-37DE7BCEA517}.Debug|x86.Build.0 = Debug|x86
		{4D8ACBE7-0837-4DAD-A6BA-37DE7BCEA517}.Release|Any CPU.ActiveCfg = Release|Any CPU
		{4D8ACBE7-0837-4DAD-A6BA-37DE7BCEA517}.Release|Any CPU.Build.0 = Release|Any CPU
		{4D8ACBE7-0837-4DAD-A6BA-37DE7BCEA517}.Release|ARM.ActiveCfg = Release|ARM
		{4D8ACBE7-0837-4DAD-A6BA-37DE7BCEA517}.Release|ARM.Build.0 = Release|ARM
		{4D8ACBE7-0837-4DAD-A6BA-37DE7BCEA517}.Release|x64.ActiveCfg = Release|x64
		{4D8ACBE7-0837-4DAD-A6BA-37DE7BCEA517}.Release|x64.Build.0 = Release|x64
		{4D8ACBE7-0837-4DAD-A6BA-37DE7BCEA517}.Release|x86.ActiveCfg = Release|x86
		{4D8ACBE7-0837-4DAD-A6BA-37DE7BCEA517}.Release|x86.Build.0 = Release|x86
		{9E055181-2CC7-4D82-8081-65EB99B6EEE9}.Debug|Any CPU.ActiveCfg = Debug|Any CPU
		{9E055181-2CC7-4D82-8081-65EB99B6EEE9}.Debug|Any CPU.Build.0 = Debug|Any CPU
		{9E055181-2CC7-4D82-8081-65EB99B6EEE9}.Debug|ARM.ActiveCfg = Debug|ARM
		{9E055181-2CC7-4D82-8081-65EB99B6EEE9}.Debug|ARM.Build.0 = Debug|ARM
		{9E055181-2CC7-4D82-8081-65EB99B6EEE9}.Debug|x64.ActiveCfg = Debug|x64
		{9E055181-2CC7-4D82-8081-65EB99B6EEE9}.Debug|x64.Build.0 = Debug|x64
		{9E055181-2CC7-4D82-8081-65EB99B6EEE9}.Debug|x86.ActiveCfg = Debug|x86
		{9E055181-2CC7-4D82-8081-65EB99B6EEE9}.Debug|x86.Build.0 = Debug|x86
		{9E055181-2CC7-4D82-8081-65EB99B6EEE9}.Release|Any CPU.ActiveCfg = Release|Any CPU
		{9E055181-2CC7-4D82-8081-65EB99B6EEE9}.Release|Any CPU.Build.0 = Release|Any CPU
		{9E055181-2CC7-4D82-8081-65EB99B6EEE9}.Release|ARM.ActiveCfg = Release|ARM
		{9E055181-2CC7-4D82-8081-65EB99B6EEE9}.Release|ARM.Build.0 = Release|ARM
		{9E055181-2CC7-4D82-8081-65EB99B6EEE9}.Release|x64.ActiveCfg = Release|x64
		{9E055181-2CC7-4D82-8081-65EB99B6EEE9}.Release|x64.Build.0 = Release|x64
		{9E055181-2CC7-4D82-8081-65EB99B6EEE9}.Release|x86.ActiveCfg = Release|x86
		{9E055181-2CC7-4D82-8081-65EB99B6EEE9}.Release|x86.Build.0 = Release|x86
		{8A4EE553-EDA0-4527-B2F9-8E31F3EC100E}.Debug|Any CPU.ActiveCfg = Debug|Any CPU
		{8A4EE553-EDA0-4527-B2F9-8E31F3EC100E}.Debug|Any CPU.Build.0 = Debug|Any CPU
		{8A4EE553-EDA0-4527-B2F9-8E31F3EC100E}.Debug|ARM.ActiveCfg = Debug|ARM
		{8A4EE553-EDA0-4527-B2F9-8E31F3EC100E}.Debug|ARM.Build.0 = Debug|ARM
		{8A4EE553-EDA0-4527-B2F9-8E31F3EC100E}.Debug|x64.ActiveCfg = Debug|x64
		{8A4EE553-EDA0-4527-B2F9-8E31F3EC100E}.Debug|x64.Build.0 = Debug|x64
		{8A4EE553-EDA0-4527-B2F9-8E31F3EC100E}.Debug|x86.ActiveCfg = Debug|x86
		{8A4EE553-EDA0-4527-B2F9-8E31F3EC100E}.Debug|x86.Build.0 = Debug|x86
		{8A4EE553-EDA0-4527-B2F9-8E31F3EC100E}.Release|Any CPU.ActiveCfg = Release|Any CPU
		{8A4EE553-EDA0-4527-B2F9-8E31F3EC100E}.Release|Any CPU.Build.0 = Release|Any CPU
		{8A4EE553-EDA0-4527-B2F9-8E31F3EC100E}.Release|ARM.ActiveCfg = Release|ARM
		{8A4EE553-EDA0-4527-B2F9-8E31F3EC100E}.Release|ARM.Build.0 = Release|ARM
		{8A4EE553-EDA0-4527-B2F9-8E31F3EC100E}.Release|x64.ActiveCfg = Release|x64
		{8A4EE553-EDA0-4527-B2F9-8E31F3EC100E}.Release|x64.Build.0 = Release|x64
		{8A4EE553-EDA0-4527-B2F9-8E31F3EC100E}.Release|x86.ActiveCfg = Release|x86
		{8A4EE553-EDA0-4527-B2F9-8E31F3EC100E}.Release|x86.Build.0 = Release|x86
		{4B9350F6-14AC-4959-A27C-A07157077087}.Debug|Any CPU.ActiveCfg = Debug|ARM
		{4B9350F6-14AC-4959-A27C-A07157077087}.Debug|Any CPU.Build.0 = Debug|ARM
		{4B9350F6-14AC-4959-A27C-A07157077087}.Debug|Any CPU.Deploy.0 = Debug|ARM
		{4B9350F6-14AC-4959-A27C-A07157077087}.Debug|ARM.ActiveCfg = Debug|ARM
		{4B9350F6-14AC-4959-A27C-A07157077087}.Debug|ARM.Build.0 = Debug|ARM
		{4B9350F6-14AC-4959-A27C-A07157077087}.Debug|ARM.Deploy.0 = Debug|ARM
		{4B9350F6-14AC-4959-A27C-A07157077087}.Debug|x64.ActiveCfg = Debug|x64
		{4B9350F6-14AC-4959-A27C-A07157077087}.Debug|x64.Build.0 = Debug|x64
		{4B9350F6-14AC-4959-A27C-A07157077087}.Debug|x64.Deploy.0 = Debug|x64
		{4B9350F6-14AC-4959-A27C-A07157077087}.Debug|x86.ActiveCfg = Debug|x86
		{4B9350F6-14AC-4959-A27C-A07157077087}.Debug|x86.Build.0 = Debug|x86
		{4B9350F6-14AC-4959-A27C-A07157077087}.Debug|x86.Deploy.0 = Debug|x86
		{4B9350F6-14AC-4959-A27C-A07157077087}.Release|Any CPU.ActiveCfg = Release|x86
		{4B9350F6-14AC-4959-A27C-A07157077087}.Release|ARM.ActiveCfg = Release|ARM
		{4B9350F6-14AC-4959-A27C-A07157077087}.Release|ARM.Build.0 = Release|ARM
		{4B9350F6-14AC-4959-A27C-A07157077087}.Release|ARM.Deploy.0 = Release|ARM
		{4B9350F6-14AC-4959-A27C-A07157077087}.Release|x64.ActiveCfg = Release|x64
		{4B9350F6-14AC-4959-A27C-A07157077087}.Release|x64.Build.0 = Release|x64
		{4B9350F6-14AC-4959-A27C-A07157077087}.Release|x64.Deploy.0 = Release|x64
		{4B9350F6-14AC-4959-A27C-A07157077087}.Release|x86.ActiveCfg = Release|x86
		{4B9350F6-14AC-4959-A27C-A07157077087}.Release|x86.Build.0 = Release|x86
		{4B9350F6-14AC-4959-A27C-A07157077087}.Release|x86.Deploy.0 = Release|x86
		{93AACFA3-2E93-4357-8F28-6861C46DD81F}.Debug|Any CPU.ActiveCfg = Debug|Any CPU
		{93AACFA3-2E93-4357-8F28-6861C46DD81F}.Debug|Any CPU.Build.0 = Debug|Any CPU
		{93AACFA3-2E93-4357-8F28-6861C46DD81F}.Debug|ARM.ActiveCfg = Debug|ARM
		{93AACFA3-2E93-4357-8F28-6861C46DD81F}.Debug|ARM.Build.0 = Debug|ARM
		{93AACFA3-2E93-4357-8F28-6861C46DD81F}.Debug|x64.ActiveCfg = Debug|x64
		{93AACFA3-2E93-4357-8F28-6861C46DD81F}.Debug|x64.Build.0 = Debug|x64
		{93AACFA3-2E93-4357-8F28-6861C46DD81F}.Debug|x86.ActiveCfg = Debug|x86
		{93AACFA3-2E93-4357-8F28-6861C46DD81F}.Debug|x86.Build.0 = Debug|x86
		{93AACFA3-2E93-4357-8F28-6861C46DD81F}.Release|Any CPU.ActiveCfg = Release|Any CPU
		{93AACFA3-2E93-4357-8F28-6861C46DD81F}.Release|Any CPU.Build.0 = Release|Any CPU
		{93AACFA3-2E93-4357-8F28-6861C46DD81F}.Release|ARM.ActiveCfg = Release|ARM
		{93AACFA3-2E93-4357-8F28-6861C46DD81F}.Release|ARM.Build.0 = Release|ARM
		{93AACFA3-2E93-4357-8F28-6861C46DD81F}.Release|x64.ActiveCfg = Release|x64
		{93AACFA3-2E93-4357-8F28-6861C46DD81F}.Release|x64.Build.0 = Release|x64
		{93AACFA3-2E93-4357-8F28-6861C46DD81F}.Release|x86.ActiveCfg = Release|x86
		{93AACFA3-2E93-4357-8F28-6861C46DD81F}.Release|x86.Build.0 = Release|x86
		{017389CF-0CFD-412C-8C12-7D5A01909A52}.Debug|Any CPU.ActiveCfg = Debug|x86
		{017389CF-0CFD-412C-8C12-7D5A01909A52}.Debug|Any CPU.Build.0 = Debug|x86
		{017389CF-0CFD-412C-8C12-7D5A01909A52}.Debug|ARM.ActiveCfg = Debug|ARM
		{017389CF-0CFD-412C-8C12-7D5A01909A52}.Debug|ARM.Build.0 = Debug|ARM
		{017389CF-0CFD-412C-8C12-7D5A01909A52}.Debug|ARM.Deploy.0 = Debug|ARM
		{017389CF-0CFD-412C-8C12-7D5A01909A52}.Debug|x64.ActiveCfg = Debug|x64
		{017389CF-0CFD-412C-8C12-7D5A01909A52}.Debug|x64.Build.0 = Debug|x64
		{017389CF-0CFD-412C-8C12-7D5A01909A52}.Debug|x64.Deploy.0 = Debug|x64
		{017389CF-0CFD-412C-8C12-7D5A01909A52}.Debug|x86.ActiveCfg = Debug|x86
		{017389CF-0CFD-412C-8C12-7D5A01909A52}.Debug|x86.Build.0 = Debug|x86
		{017389CF-0CFD-412C-8C12-7D5A01909A52}.Debug|x86.Deploy.0 = Debug|x86
		{017389CF-0CFD-412C-8C12-7D5A01909A52}.Release|Any CPU.ActiveCfg = Release|x86
		{017389CF-0CFD-412C-8C12-7D5A01909A52}.Release|ARM.ActiveCfg = Release|ARM
		{017389CF-0CFD-412C-8C12-7D5A01909A52}.Release|ARM.Build.0 = Release|ARM
		{017389CF-0CFD-412C-8C12-7D5A01909A52}.Release|ARM.Deploy.0 = Release|ARM
		{017389CF-0CFD-412C-8C12-7D5A01909A52}.Release|x64.ActiveCfg = Release|x64
		{017389CF-0CFD-412C-8C12-7D5A01909A52}.Release|x64.Build.0 = Release|x64
		{017389CF-0CFD-412C-8C12-7D5A01909A52}.Release|x64.Deploy.0 = Release|x64
		{017389CF-0CFD-412C-8C12-7D5A01909A52}.Release|x86.ActiveCfg = Release|x86
		{017389CF-0CFD-412C-8C12-7D5A01909A52}.Release|x86.Build.0 = Release|x86
		{017389CF-0CFD-412C-8C12-7D5A01909A52}.Release|x86.Deploy.0 = Release|x86
		{39ABE250-6554-4086-98D9-0D36903DE939}.Debug|Any CPU.ActiveCfg = Debug|Any CPU
		{39ABE250-6554-4086-98D9-0D36903DE939}.Debug|Any CPU.Build.0 = Debug|Any CPU
		{39ABE250-6554-4086-98D9-0D36903DE939}.Debug|ARM.ActiveCfg = Debug|ARM
		{39ABE250-6554-4086-98D9-0D36903DE939}.Debug|ARM.Build.0 = Debug|ARM
		{39ABE250-6554-4086-98D9-0D36903DE939}.Debug|x64.ActiveCfg = Debug|x64
		{39ABE250-6554-4086-98D9-0D36903DE939}.Debug|x64.Build.0 = Debug|x64
		{39ABE250-6554-4086-98D9-0D36903DE939}.Debug|x86.ActiveCfg = Debug|x86
		{39ABE250-6554-4086-98D9-0D36903DE939}.Debug|x86.Build.0 = Debug|x86
		{39ABE250-6554-4086-98D9-0D36903DE939}.Release|Any CPU.ActiveCfg = Release|Any CPU
		{39ABE250-6554-4086-98D9-0D36903DE939}.Release|Any CPU.Build.0 = Release|Any CPU
		{39ABE250-6554-4086-98D9-0D36903DE939}.Release|ARM.ActiveCfg = Release|ARM
		{39ABE250-6554-4086-98D9-0D36903DE939}.Release|ARM.Build.0 = Release|ARM
		{39ABE250-6554-4086-98D9-0D36903DE939}.Release|x64.ActiveCfg = Release|x64
		{39ABE250-6554-4086-98D9-0D36903DE939}.Release|x64.Build.0 = Release|x64
		{39ABE250-6554-4086-98D9-0D36903DE939}.Release|x86.ActiveCfg = Release|x86
		{39ABE250-6554-4086-98D9-0D36903DE939}.Release|x86.Build.0 = Release|x86
		{06AF08BD-FF54-4F13-BF8E-218044469632}.Debug|Any CPU.ActiveCfg = Debug|Any CPU
		{06AF08BD-FF54-4F13-BF8E-218044469632}.Debug|Any CPU.Build.0 = Debug|Any CPU
		{06AF08BD-FF54-4F13-BF8E-218044469632}.Debug|ARM.ActiveCfg = Debug|ARM
		{06AF08BD-FF54-4F13-BF8E-218044469632}.Debug|ARM.Build.0 = Debug|ARM
		{06AF08BD-FF54-4F13-BF8E-218044469632}.Debug|x64.ActiveCfg = Debug|x64
		{06AF08BD-FF54-4F13-BF8E-218044469632}.Debug|x64.Build.0 = Debug|x64
		{06AF08BD-FF54-4F13-BF8E-218044469632}.Debug|x86.ActiveCfg = Debug|x86
		{06AF08BD-FF54-4F13-BF8E-218044469632}.Debug|x86.Build.0 = Debug|x86
		{06AF08BD-FF54-4F13-BF8E-218044469632}.Release|Any CPU.ActiveCfg = Release|Any CPU
		{06AF08BD-FF54-4F13-BF8E-218044469632}.Release|Any CPU.Build.0 = Release|Any CPU
		{06AF08BD-FF54-4F13-BF8E-218044469632}.Release|ARM.ActiveCfg = Release|ARM
		{06AF08BD-FF54-4F13-BF8E-218044469632}.Release|ARM.Build.0 = Release|ARM
		{06AF08BD-FF54-4F13-BF8E-218044469632}.Release|x64.ActiveCfg = Release|x64
		{06AF08BD-FF54-4F13-BF8E-218044469632}.Release|x64.Build.0 = Release|x64
		{06AF08BD-FF54-4F13-BF8E-218044469632}.Release|x86.ActiveCfg = Release|x86
		{06AF08BD-FF54-4F13-BF8E-218044469632}.Release|x86.Build.0 = Release|x86
		{ED9CE817-28E6-4BD9-BB99-FE712A319779}.Debug|Any CPU.ActiveCfg = Debug|Any CPU
		{ED9CE817-28E6-4BD9-BB99-FE712A319779}.Debug|Any CPU.Build.0 = Debug|Any CPU
		{ED9CE817-28E6-4BD9-BB99-FE712A319779}.Debug|ARM.ActiveCfg = Debug|ARM
		{ED9CE817-28E6-4BD9-BB99-FE712A319779}.Debug|ARM.Build.0 = Debug|ARM
		{ED9CE817-28E6-4BD9-BB99-FE712A319779}.Debug|x64.ActiveCfg = Debug|x64
		{ED9CE817-28E6-4BD9-BB99-FE712A319779}.Debug|x64.Build.0 = Debug|x64
		{ED9CE817-28E6-4BD9-BB99-FE712A319779}.Debug|x86.ActiveCfg = Debug|x86
		{ED9CE817-28E6-4BD9-BB99-FE712A319779}.Debug|x86.Build.0 = Debug|x86
		{ED9CE817-28E6-4BD9-BB99-FE712A319779}.Release|Any CPU.ActiveCfg = Release|Any CPU
		{ED9CE817-28E6-4BD9-BB99-FE712A319779}.Release|Any CPU.Build.0 = Release|Any CPU
		{ED9CE817-28E6-4BD9-BB99-FE712A319779}.Release|ARM.ActiveCfg = Release|ARM
		{ED9CE817-28E6-4BD9-BB99-FE712A319779}.Release|ARM.Build.0 = Release|ARM
		{ED9CE817-28E6-4BD9-BB99-FE712A319779}.Release|x64.ActiveCfg = Release|x64
		{ED9CE817-28E6-4BD9-BB99-FE712A319779}.Release|x64.Build.0 = Release|x64
		{ED9CE817-28E6-4BD9-BB99-FE712A319779}.Release|x86.ActiveCfg = Release|x86
		{ED9CE817-28E6-4BD9-BB99-FE712A319779}.Release|x86.Build.0 = Release|x86
	EndGlobalSection
	GlobalSection(SolutionProperties) = preSolution
		HideSolutionNode = FALSE
	EndGlobalSection
EndGlobal
